
Microsoft Visual Studio Solution File, Format Version 12.00
# Visual Studio Version 17
VisualStudioVersion = 17.14.36414.22
MinimumVisualStudioVersion = 10.0.40219.1
Project("{2150E333-8FDC-42A3-9474-1A3956D46DE8}") = "data_types", "data_types", "{02EA681E-C7D8-13C7-8484-4AC65E1B71E8}"
	ProjectSection(SolutionItems) = preProject
		AdditionnLearning.txt = AdditionnLearning.txt
	EndProjectSection
EndProject
Project("{FAE04EC0-301F-11D3-BF4B-00C04F79EFBC}") = "ConvertMetersToKilometers", "ConvertMetersToKilometers\ConvertMetersToKilometers.csproj", "{ABF59646-74BD-4D34-AD12-6F79831D3F1C}"
EndProject
Project("{FAE04EC0-301F-11D3-BF4B-00C04F79EFBC}") = "PoundsToDollars", "PoundsToDollars\PoundsToDollars.csproj", "{110A14E0-AB0A-4581-82E2-82358B750BE0}"
EndProject
Project("{FAE04EC0-301F-11D3-BF4B-00C04F79EFBC}") = "ExactSumOfRealNumbers", "ExactSumOfRealNumbers\ExactSumOfRealNumbers.csproj", "{AB1EDC43-344A-422C-8364-EE31088B0B55}"
EndProject
Project("{FAE04EC0-301F-11D3-BF4B-00C04F79EFBC}") = "CenturiesToMinutes", "CenturiesToMinutes\CenturiesToMinutes.csproj", "{B4E40C06-2FBD-4DF1-A187-2BF885032BDC}"
EndProject
Project("{FAE04EC0-301F-11D3-BF4B-00C04F79EFBC}") = "SpecialNumbers", "SpecialNumbers\SpecialNumbers.csproj", "{8C678FAC-6AA9-415A-8EF5-380FB68C5365}"
EndProject
Project("{FAE04EC0-301F-11D3-BF4B-00C04F79EFBC}") = "ReversedChars", "ReversedChars\ReversedChars.csproj", "{059F359D-FE8E-448F-80BB-8B7DED04B7FD}"
EndProject
Project("{FAE04EC0-301F-11D3-BF4B-00C04F79EFBC}") = "ConcatNames", "ConcatNames\ConcatNames.csproj", "{70089419-1855-4F0B-88F2-E155B9327E6A}"
EndProject
Project("{FAE04EC0-301F-11D3-BF4B-00C04F79EFBC}") = "TownInfo", "TownInfo\TownInfo.csproj", "{6B637DB0-477E-4357-8217-409F46629520}"
EndProject
Project("{FAE04EC0-301F-11D3-BF4B-00C04F79EFBC}") = "CharsToString", "CharsToString\CharsToString.csproj", "{185D3D7A-DE31-47B9-9000-CAF3BE894824}"
EndProject
Project("{FAE04EC0-301F-11D3-BF4B-00C04F79EFBC}") = "LowerToUpper", "LowerToUpper\LowerToUpper.csproj", "{F8D59E25-9647-4777-855B-0A3B5220F9DC}"
EndProject
Project("{2150E333-8FDC-42A3-9474-1A3956D46DE8}") = "Lab", "Lab", "{CC0F7BF4-928C-4453-9074-2D9CEB814B88}"
EndProject
Project("{2150E333-8FDC-42A3-9474-1A3956D46DE8}") = "Exercise", "Exercise", "{4721B3BE-1BF1-4A05-B171-F32A8BC09834}"
EndProject
Project("{FAE04EC0-301F-11D3-BF4B-00C04F79EFBC}") = "IntegerOperations", "IntegerOperations\IntegerOperations.csproj", "{BB4B314A-D17A-48AA-9B92-FAE497EB794E}"
EndProject
Project("{FAE04EC0-301F-11D3-BF4B-00C04F79EFBC}") = "SumDigits", "SumDigits\SumDigits.csproj", "{5C90BB40-27B8-44E3-83B3-96A131AA2D39}"
EndProject
Project("{FAE04EC0-301F-11D3-BF4B-00C04F79EFBC}") = "Elevator", "Elevator\Elevator.csproj", "{E7E29965-CFDB-4882-A98B-654B942A57BE}"
EndProject
Project("{FAE04EC0-301F-11D3-BF4B-00C04F79EFBC}") = "SumOfChars", "SumOfChars\SumOfChars.csproj", "{17329B49-C9CB-4E0B-AE53-A2F8DF5F3953}"
EndProject
Project("{FAE04EC0-301F-11D3-BF4B-00C04F79EFBC}") = "PrintPartOfTheAsciiTable", "PrintPartOfTheAsciiTable\PrintPartOfTheAsciiTable.csproj", "{DC29DBF6-A61B-4085-B276-5814313F659D}"
EndProject
Project("{FAE04EC0-301F-11D3-BF4B-00C04F79EFBC}") = "TriplesOfLatinLetters", "TriplesOfLatinLetters\TriplesOfLatinLetters.csproj", "{A09569F2-7A15-4DA5-848F-B64CC67F4F5C}"
EndProject
Project("{FAE04EC0-301F-11D3-BF4B-00C04F79EFBC}") = "WaterOverflow", "WaterOverflow\WaterOverflow.csproj", "{739F2393-897D-4E20-B3E1-15FD7A7074D2}"
EndProject
Project("{FAE04EC0-301F-11D3-BF4B-00C04F79EFBC}") = "BeerKegs", "BeerKegs\BeerKegs.csproj", "{CF9A3AAE-A0A5-42BF-8A30-8BB23D9992D7}"
EndProject
Project("{FAE04EC0-301F-11D3-BF4B-00C04F79EFBC}") = "SpiceMustFlow", "SpiceMustFlow\SpiceMustFlow.csproj", "{84351895-8455-4935-B61B-5865892A2A6F}"
EndProject
Project("{FAE04EC0-301F-11D3-BF4B-00C04F79EFBC}") = "Pokemon", "Pokemon\Pokemon.csproj", "{00F7FFEE-D0DB-4E4E-89B0-B34DD878B7A3}"
EndProject
Project("{2150E333-8FDC-42A3-9474-1A3956D46DE8}") = "More Exercise", "More Exercise", "{526555E8-04BB-4582-97DA-A425E686B4B3}"
EndProject
Project("{FAE04EC0-301F-11D3-BF4B-00C04F79EFBC}") = "Snowballs", "Snowballs\Snowballs.csproj", "{D009B4D4-3A23-4C04-808F-1167746CB2B9}"
EndProject
Project("{FAE04EC0-301F-11D3-BF4B-00C04F79EFBC}") = "DataTypeFinder", "DatyTypeFinder\DataTypeFinder.csproj", "{6CB9DA30-449C-4230-930E-84C9707A70D7}"
EndProject
Project("{FAE04EC0-301F-11D3-BF4B-00C04F79EFBC}") = "FromLeftToRight", "FromLeftToRight\FromLeftToRight.csproj", "{E3192B7C-A1DE-4CB4-9531-2E8B2D9D3989}"
EndProject
Project("{FAE04EC0-301F-11D3-BF4B-00C04F79EFBC}") = "FloatingEquality", "FloatingEquality\FloatingEquality.csproj", "{3DD49280-B683-4457-8A47-F283804687DF}"
EndProject
Project("{FAE04EC0-301F-11D3-BF4B-00C04F79EFBC}") = "PrimeChecker", "PrimeChecker\PrimeChecker.csproj", "{04396A98-E7B0-4449-9DA2-D3B932F3C556}"
EndProject
Project("{FAE04EC0-301F-11D3-BF4B-00C04F79EFBC}") = "DecryptingMessages", "DecryptingMessages\DecryptingMessages.csproj", "{96055A97-68F4-4444-B206-6A0C830DF93B}"
EndProject
Project("{FAE04EC0-301F-11D3-BF4B-00C04F79EFBC}") = "BalancedBrackets", "BalancedBrackets\BalancedBrackets.csproj", "{E9DB2CE7-0455-40E1-BAAC-CA6E5F5670E0}"
EndProject
Project("{2150E333-8FDC-42A3-9474-1A3956D46DE8}") = "arrays", "arrays", "{AD40BD3D-6ED5-431A-AF6A-6CAC4C0719CB}"
EndProject
Project("{2150E333-8FDC-42A3-9474-1A3956D46DE8}") = "Lab", "Lab", "{9E1E8AE9-DF8D-4B3B-84F6-20A87D426994}"
EndProject
Project("{FAE04EC0-301F-11D3-BF4B-00C04F79EFBC}") = "DayOfWeek", "DayOfWeek\DayOfWeek.csproj", "{759EC64D-C1FA-4627-909E-0BFA57861088}"
EndProject
Project("{FAE04EC0-301F-11D3-BF4B-00C04F79EFBC}") = "PrintNumbersInReverseOrder", "PrintNumbersInReverseOrder\PrintNumbersInReverseOrder.csproj", "{1504A190-4339-4F66-A37E-725E55873AF4}"
EndProject
Project("{FAE04EC0-301F-11D3-BF4B-00C04F79EFBC}") = "RoundingNumbers", "RoundingNumbers\RoundingNumbers.csproj", "{192872CA-4928-492D-9E4D-3644CE5AC211}"
EndProject
Project("{FAE04EC0-301F-11D3-BF4B-00C04F79EFBC}") = "ReverseArrayOfStrings", "ReverseArrayOfStrings\ReverseArrayOfStrings.csproj", "{89262BA3-BA22-4731-804B-BB45D73AB24D}"
EndProject
Project("{FAE04EC0-301F-11D3-BF4B-00C04F79EFBC}") = "SumEvenNumbers", "SumEvenNumbers\SumEvenNumbers.csproj", "{9982AB94-B9A0-4877-91D4-61AF0CCD868B}"
EndProject
Project("{FAE04EC0-301F-11D3-BF4B-00C04F79EFBC}") = "EvenAndOddSubtraction", "EvenAndOddSubtraction\EvenAndOddSubtraction.csproj", "{4DCE4CBF-1F3D-4F23-8458-ED56EB4B162D}"
EndProject
Project("{FAE04EC0-301F-11D3-BF4B-00C04F79EFBC}") = "EqualArrays", "EqualArrays\EqualArrays.csproj", "{50088201-EDF8-4B69-90C8-B49C512357B4}"
EndProject
Project("{FAE04EC0-301F-11D3-BF4B-00C04F79EFBC}") = "CondenseArrayToNumber", "CondenseArrayToNumber\CondenseArrayToNumber.csproj", "{E64AC058-28CC-4DB5-BC17-50E850BD06D9}"
EndProject
Project("{2150E333-8FDC-42A3-9474-1A3956D46DE8}") = "Exercise", "Exercise", "{C25BFB32-F56D-4276-A401-8F12A0557886}"
EndProject
Project("{FAE04EC0-301F-11D3-BF4B-00C04F79EFBC}") = "Train", "Train\Train.csproj", "{D59084C2-F146-44AB-8547-82C61E267E7D}"
EndProject
Project("{FAE04EC0-301F-11D3-BF4B-00C04F79EFBC}") = "CommonElements", "CommonElements\CommonElements.csproj", "{810D5839-F7FB-477E-8C7E-32E80335C4F7}"
EndProject
Project("{FAE04EC0-301F-11D3-BF4B-00C04F79EFBC}") = "Zig-ZagArrays", "Zig-ZagArrays\Zig-ZagArrays.csproj", "{80A2D173-A236-44B6-A3BE-C05A2EF25A46}"
EndProject
Project("{FAE04EC0-301F-11D3-BF4B-00C04F79EFBC}") = "ArrayRotation", "ArrayRotation\ArrayRotation.csproj", "{E2A3C1AE-8190-4824-8CE8-729CC8A9FD38}"
EndProject
Project("{FAE04EC0-301F-11D3-BF4B-00C04F79EFBC}") = "TopIntegers", "TopIntegers\TopIntegers.csproj", "{2D314D55-5CCC-4991-AB3A-5DCF578198F0}"
EndProject
Project("{FAE04EC0-301F-11D3-BF4B-00C04F79EFBC}") = "EqualSums", "EqualSums\EqualSums.csproj", "{97FB4A90-C8A9-430E-8403-77D4C30DC581}"
EndProject
Project("{FAE04EC0-301F-11D3-BF4B-00C04F79EFBC}") = "MaxSequenceOfEqualElements", "MaxSequenceOfEqualElements\MaxSequenceOfEqualElements.csproj", "{B6D14AED-D37A-47A1-B0C1-2BB4F67FA443}"
EndProject
Project("{FAE04EC0-301F-11D3-BF4B-00C04F79EFBC}") = "MagicSum", "MagicSum\MagicSum.csproj", "{33058AC2-0A1E-4BF3-BBE1-F0D14917AF0F}"
EndProject
Global
	GlobalSection(SolutionConfigurationPlatforms) = preSolution
		Debug|Any CPU = Debug|Any CPU
		Release|Any CPU = Release|Any CPU
	EndGlobalSection
	GlobalSection(ProjectConfigurationPlatforms) = postSolution
		{ABF59646-74BD-4D34-AD12-6F79831D3F1C}.Debug|Any CPU.ActiveCfg = Debug|Any CPU
		{ABF59646-74BD-4D34-AD12-6F79831D3F1C}.Debug|Any CPU.Build.0 = Debug|Any CPU
		{ABF59646-74BD-4D34-AD12-6F79831D3F1C}.Release|Any CPU.ActiveCfg = Release|Any CPU
		{ABF59646-74BD-4D34-AD12-6F79831D3F1C}.Release|Any CPU.Build.0 = Release|Any CPU
		{110A14E0-AB0A-4581-82E2-82358B750BE0}.Debug|Any CPU.ActiveCfg = Debug|Any CPU
		{110A14E0-AB0A-4581-82E2-82358B750BE0}.Debug|Any CPU.Build.0 = Debug|Any CPU
		{110A14E0-AB0A-4581-82E2-82358B750BE0}.Release|Any CPU.ActiveCfg = Release|Any CPU
		{110A14E0-AB0A-4581-82E2-82358B750BE0}.Release|Any CPU.Build.0 = Release|Any CPU
		{AB1EDC43-344A-422C-8364-EE31088B0B55}.Debug|Any CPU.ActiveCfg = Debug|Any CPU
		{AB1EDC43-344A-422C-8364-EE31088B0B55}.Debug|Any CPU.Build.0 = Debug|Any CPU
		{AB1EDC43-344A-422C-8364-EE31088B0B55}.Release|Any CPU.ActiveCfg = Release|Any CPU
		{AB1EDC43-344A-422C-8364-EE31088B0B55}.Release|Any CPU.Build.0 = Release|Any CPU
		{B4E40C06-2FBD-4DF1-A187-2BF885032BDC}.Debug|Any CPU.ActiveCfg = Debug|Any CPU
		{B4E40C06-2FBD-4DF1-A187-2BF885032BDC}.Debug|Any CPU.Build.0 = Debug|Any CPU
		{B4E40C06-2FBD-4DF1-A187-2BF885032BDC}.Release|Any CPU.ActiveCfg = Release|Any CPU
		{B4E40C06-2FBD-4DF1-A187-2BF885032BDC}.Release|Any CPU.Build.0 = Release|Any CPU
		{8C678FAC-6AA9-415A-8EF5-380FB68C5365}.Debug|Any CPU.ActiveCfg = Debug|Any CPU
		{8C678FAC-6AA9-415A-8EF5-380FB68C5365}.Debug|Any CPU.Build.0 = Debug|Any CPU
		{8C678FAC-6AA9-415A-8EF5-380FB68C5365}.Release|Any CPU.ActiveCfg = Release|Any CPU
		{8C678FAC-6AA9-415A-8EF5-380FB68C5365}.Release|Any CPU.Build.0 = Release|Any CPU
		{059F359D-FE8E-448F-80BB-8B7DED04B7FD}.Debug|Any CPU.ActiveCfg = Debug|Any CPU
		{059F359D-FE8E-448F-80BB-8B7DED04B7FD}.Debug|Any CPU.Build.0 = Debug|Any CPU
		{059F359D-FE8E-448F-80BB-8B7DED04B7FD}.Release|Any CPU.ActiveCfg = Release|Any CPU
		{059F359D-FE8E-448F-80BB-8B7DED04B7FD}.Release|Any CPU.Build.0 = Release|Any CPU
		{70089419-1855-4F0B-88F2-E155B9327E6A}.Debug|Any CPU.ActiveCfg = Debug|Any CPU
		{70089419-1855-4F0B-88F2-E155B9327E6A}.Debug|Any CPU.Build.0 = Debug|Any CPU
		{70089419-1855-4F0B-88F2-E155B9327E6A}.Release|Any CPU.ActiveCfg = Release|Any CPU
		{70089419-1855-4F0B-88F2-E155B9327E6A}.Release|Any CPU.Build.0 = Release|Any CPU
		{6B637DB0-477E-4357-8217-409F46629520}.Debug|Any CPU.ActiveCfg = Debug|Any CPU
		{6B637DB0-477E-4357-8217-409F46629520}.Debug|Any CPU.Build.0 = Debug|Any CPU
		{6B637DB0-477E-4357-8217-409F46629520}.Release|Any CPU.ActiveCfg = Release|Any CPU
		{6B637DB0-477E-4357-8217-409F46629520}.Release|Any CPU.Build.0 = Release|Any CPU
		{185D3D7A-DE31-47B9-9000-CAF3BE894824}.Debug|Any CPU.ActiveCfg = Debug|Any CPU
		{185D3D7A-DE31-47B9-9000-CAF3BE894824}.Debug|Any CPU.Build.0 = Debug|Any CPU
		{185D3D7A-DE31-47B9-9000-CAF3BE894824}.Release|Any CPU.ActiveCfg = Release|Any CPU
		{185D3D7A-DE31-47B9-9000-CAF3BE894824}.Release|Any CPU.Build.0 = Release|Any CPU
		{F8D59E25-9647-4777-855B-0A3B5220F9DC}.Debug|Any CPU.ActiveCfg = Debug|Any CPU
		{F8D59E25-9647-4777-855B-0A3B5220F9DC}.Debug|Any CPU.Build.0 = Debug|Any CPU
		{F8D59E25-9647-4777-855B-0A3B5220F9DC}.Release|Any CPU.ActiveCfg = Release|Any CPU
		{F8D59E25-9647-4777-855B-0A3B5220F9DC}.Release|Any CPU.Build.0 = Release|Any CPU
		{BB4B314A-D17A-48AA-9B92-FAE497EB794E}.Debug|Any CPU.ActiveCfg = Debug|Any CPU
		{BB4B314A-D17A-48AA-9B92-FAE497EB794E}.Debug|Any CPU.Build.0 = Debug|Any CPU
		{BB4B314A-D17A-48AA-9B92-FAE497EB794E}.Release|Any CPU.ActiveCfg = Release|Any CPU
		{BB4B314A-D17A-48AA-9B92-FAE497EB794E}.Release|Any CPU.Build.0 = Release|Any CPU
		{5C90BB40-27B8-44E3-83B3-96A131AA2D39}.Debug|Any CPU.ActiveCfg = Debug|Any CPU
		{5C90BB40-27B8-44E3-83B3-96A131AA2D39}.Debug|Any CPU.Build.0 = Debug|Any CPU
		{5C90BB40-27B8-44E3-83B3-96A131AA2D39}.Release|Any CPU.ActiveCfg = Release|Any CPU
		{5C90BB40-27B8-44E3-83B3-96A131AA2D39}.Release|Any CPU.Build.0 = Release|Any CPU
		{E7E29965-CFDB-4882-A98B-654B942A57BE}.Debug|Any CPU.ActiveCfg = Debug|Any CPU
		{E7E29965-CFDB-4882-A98B-654B942A57BE}.Debug|Any CPU.Build.0 = Debug|Any CPU
		{E7E29965-CFDB-4882-A98B-654B942A57BE}.Release|Any CPU.ActiveCfg = Release|Any CPU
		{E7E29965-CFDB-4882-A98B-654B942A57BE}.Release|Any CPU.Build.0 = Release|Any CPU
		{17329B49-C9CB-4E0B-AE53-A2F8DF5F3953}.Debug|Any CPU.ActiveCfg = Debug|Any CPU
		{17329B49-C9CB-4E0B-AE53-A2F8DF5F3953}.Debug|Any CPU.Build.0 = Debug|Any CPU
		{17329B49-C9CB-4E0B-AE53-A2F8DF5F3953}.Release|Any CPU.ActiveCfg = Release|Any CPU
		{17329B49-C9CB-4E0B-AE53-A2F8DF5F3953}.Release|Any CPU.Build.0 = Release|Any CPU
		{DC29DBF6-A61B-4085-B276-5814313F659D}.Debug|Any CPU.ActiveCfg = Debug|Any CPU
		{DC29DBF6-A61B-4085-B276-5814313F659D}.Debug|Any CPU.Build.0 = Debug|Any CPU
		{DC29DBF6-A61B-4085-B276-5814313F659D}.Release|Any CPU.ActiveCfg = Release|Any CPU
		{DC29DBF6-A61B-4085-B276-5814313F659D}.Release|Any CPU.Build.0 = Release|Any CPU
		{A09569F2-7A15-4DA5-848F-B64CC67F4F5C}.Debug|Any CPU.ActiveCfg = Debug|Any CPU
		{A09569F2-7A15-4DA5-848F-B64CC67F4F5C}.Debug|Any CPU.Build.0 = Debug|Any CPU
		{A09569F2-7A15-4DA5-848F-B64CC67F4F5C}.Release|Any CPU.ActiveCfg = Release|Any CPU
		{A09569F2-7A15-4DA5-848F-B64CC67F4F5C}.Release|Any CPU.Build.0 = Release|Any CPU
		{739F2393-897D-4E20-B3E1-15FD7A7074D2}.Debug|Any CPU.ActiveCfg = Debug|Any CPU
		{739F2393-897D-4E20-B3E1-15FD7A7074D2}.Debug|Any CPU.Build.0 = Debug|Any CPU
		{739F2393-897D-4E20-B3E1-15FD7A7074D2}.Release|Any CPU.ActiveCfg = Release|Any CPU
		{739F2393-897D-4E20-B3E1-15FD7A7074D2}.Release|Any CPU.Build.0 = Release|Any CPU
		{CF9A3AAE-A0A5-42BF-8A30-8BB23D9992D7}.Debug|Any CPU.ActiveCfg = Debug|Any CPU
		{CF9A3AAE-A0A5-42BF-8A30-8BB23D9992D7}.Debug|Any CPU.Build.0 = Debug|Any CPU
		{CF9A3AAE-A0A5-42BF-8A30-8BB23D9992D7}.Release|Any CPU.ActiveCfg = Release|Any CPU
		{CF9A3AAE-A0A5-42BF-8A30-8BB23D9992D7}.Release|Any CPU.Build.0 = Release|Any CPU
		{84351895-8455-4935-B61B-5865892A2A6F}.Debug|Any CPU.ActiveCfg = Debug|Any CPU
		{84351895-8455-4935-B61B-5865892A2A6F}.Debug|Any CPU.Build.0 = Debug|Any CPU
		{84351895-8455-4935-B61B-5865892A2A6F}.Release|Any CPU.ActiveCfg = Release|Any CPU
		{84351895-8455-4935-B61B-5865892A2A6F}.Release|Any CPU.Build.0 = Release|Any CPU
		{00F7FFEE-D0DB-4E4E-89B0-B34DD878B7A3}.Debug|Any CPU.ActiveCfg = Debug|Any CPU
		{00F7FFEE-D0DB-4E4E-89B0-B34DD878B7A3}.Debug|Any CPU.Build.0 = Debug|Any CPU
		{00F7FFEE-D0DB-4E4E-89B0-B34DD878B7A3}.Release|Any CPU.ActiveCfg = Release|Any CPU
		{00F7FFEE-D0DB-4E4E-89B0-B34DD878B7A3}.Release|Any CPU.Build.0 = Release|Any CPU
		{D009B4D4-3A23-4C04-808F-1167746CB2B9}.Debug|Any CPU.ActiveCfg = Debug|Any CPU
		{D009B4D4-3A23-4C04-808F-1167746CB2B9}.Debug|Any CPU.Build.0 = Debug|Any CPU
		{D009B4D4-3A23-4C04-808F-1167746CB2B9}.Release|Any CPU.ActiveCfg = Release|Any CPU
		{D009B4D4-3A23-4C04-808F-1167746CB2B9}.Release|Any CPU.Build.0 = Release|Any CPU
		{6CB9DA30-449C-4230-930E-84C9707A70D7}.Debug|Any CPU.ActiveCfg = Debug|Any CPU
		{6CB9DA30-449C-4230-930E-84C9707A70D7}.Debug|Any CPU.Build.0 = Debug|Any CPU
		{6CB9DA30-449C-4230-930E-84C9707A70D7}.Release|Any CPU.ActiveCfg = Release|Any CPU
		{6CB9DA30-449C-4230-930E-84C9707A70D7}.Release|Any CPU.Build.0 = Release|Any CPU
		{E3192B7C-A1DE-4CB4-9531-2E8B2D9D3989}.Debug|Any CPU.ActiveCfg = Debug|Any CPU
		{E3192B7C-A1DE-4CB4-9531-2E8B2D9D3989}.Debug|Any CPU.Build.0 = Debug|Any CPU
		{E3192B7C-A1DE-4CB4-9531-2E8B2D9D3989}.Release|Any CPU.ActiveCfg = Release|Any CPU
		{E3192B7C-A1DE-4CB4-9531-2E8B2D9D3989}.Release|Any CPU.Build.0 = Release|Any CPU
		{3DD49280-B683-4457-8A47-F283804687DF}.Debug|Any CPU.ActiveCfg = Debug|Any CPU
		{3DD49280-B683-4457-8A47-F283804687DF}.Debug|Any CPU.Build.0 = Debug|Any CPU
		{3DD49280-B683-4457-8A47-F283804687DF}.Release|Any CPU.ActiveCfg = Release|Any CPU
		{3DD49280-B683-4457-8A47-F283804687DF}.Release|Any CPU.Build.0 = Release|Any CPU
		{04396A98-E7B0-4449-9DA2-D3B932F3C556}.Debug|Any CPU.ActiveCfg = Debug|Any CPU
		{04396A98-E7B0-4449-9DA2-D3B932F3C556}.Debug|Any CPU.Build.0 = Debug|Any CPU
		{04396A98-E7B0-4449-9DA2-D3B932F3C556}.Release|Any CPU.ActiveCfg = Release|Any CPU
		{04396A98-E7B0-4449-9DA2-D3B932F3C556}.Release|Any CPU.Build.0 = Release|Any CPU
		{96055A97-68F4-4444-B206-6A0C830DF93B}.Debug|Any CPU.ActiveCfg = Debug|Any CPU
		{96055A97-68F4-4444-B206-6A0C830DF93B}.Debug|Any CPU.Build.0 = Debug|Any CPU
		{96055A97-68F4-4444-B206-6A0C830DF93B}.Release|Any CPU.ActiveCfg = Release|Any CPU
		{96055A97-68F4-4444-B206-6A0C830DF93B}.Release|Any CPU.Build.0 = Release|Any CPU
		{E9DB2CE7-0455-40E1-BAAC-CA6E5F5670E0}.Debug|Any CPU.ActiveCfg = Debug|Any CPU
		{E9DB2CE7-0455-40E1-BAAC-CA6E5F5670E0}.Debug|Any CPU.Build.0 = Debug|Any CPU
		{E9DB2CE7-0455-40E1-BAAC-CA6E5F5670E0}.Release|Any CPU.ActiveCfg = Release|Any CPU
		{E9DB2CE7-0455-40E1-BAAC-CA6E5F5670E0}.Release|Any CPU.Build.0 = Release|Any CPU
		{759EC64D-C1FA-4627-909E-0BFA57861088}.Debug|Any CPU.ActiveCfg = Debug|Any CPU
		{759EC64D-C1FA-4627-909E-0BFA57861088}.Debug|Any CPU.Build.0 = Debug|Any CPU
		{759EC64D-C1FA-4627-909E-0BFA57861088}.Release|Any CPU.ActiveCfg = Release|Any CPU
		{759EC64D-C1FA-4627-909E-0BFA57861088}.Release|Any CPU.Build.0 = Release|Any CPU
		{1504A190-4339-4F66-A37E-725E55873AF4}.Debug|Any CPU.ActiveCfg = Debug|Any CPU
		{1504A190-4339-4F66-A37E-725E55873AF4}.Debug|Any CPU.Build.0 = Debug|Any CPU
		{1504A190-4339-4F66-A37E-725E55873AF4}.Release|Any CPU.ActiveCfg = Release|Any CPU
		{1504A190-4339-4F66-A37E-725E55873AF4}.Release|Any CPU.Build.0 = Release|Any CPU
		{192872CA-4928-492D-9E4D-3644CE5AC211}.Debug|Any CPU.ActiveCfg = Debug|Any CPU
		{192872CA-4928-492D-9E4D-3644CE5AC211}.Debug|Any CPU.Build.0 = Debug|Any CPU
		{192872CA-4928-492D-9E4D-3644CE5AC211}.Release|Any CPU.ActiveCfg = Release|Any CPU
		{192872CA-4928-492D-9E4D-3644CE5AC211}.Release|Any CPU.Build.0 = Release|Any CPU
		{89262BA3-BA22-4731-804B-BB45D73AB24D}.Debug|Any CPU.ActiveCfg = Debug|Any CPU
		{89262BA3-BA22-4731-804B-BB45D73AB24D}.Debug|Any CPU.Build.0 = Debug|Any CPU
		{89262BA3-BA22-4731-804B-BB45D73AB24D}.Release|Any CPU.ActiveCfg = Release|Any CPU
		{89262BA3-BA22-4731-804B-BB45D73AB24D}.Release|Any CPU.Build.0 = Release|Any CPU
		{9982AB94-B9A0-4877-91D4-61AF0CCD868B}.Debug|Any CPU.ActiveCfg = Debug|Any CPU
		{9982AB94-B9A0-4877-91D4-61AF0CCD868B}.Debug|Any CPU.Build.0 = Debug|Any CPU
		{9982AB94-B9A0-4877-91D4-61AF0CCD868B}.Release|Any CPU.ActiveCfg = Release|Any CPU
		{9982AB94-B9A0-4877-91D4-61AF0CCD868B}.Release|Any CPU.Build.0 = Release|Any CPU
		{4DCE4CBF-1F3D-4F23-8458-ED56EB4B162D}.Debug|Any CPU.ActiveCfg = Debug|Any CPU
		{4DCE4CBF-1F3D-4F23-8458-ED56EB4B162D}.Debug|Any CPU.Build.0 = Debug|Any CPU
		{4DCE4CBF-1F3D-4F23-8458-ED56EB4B162D}.Release|Any CPU.ActiveCfg = Release|Any CPU
		{4DCE4CBF-1F3D-4F23-8458-ED56EB4B162D}.Release|Any CPU.Build.0 = Release|Any CPU
		{50088201-EDF8-4B69-90C8-B49C512357B4}.Debug|Any CPU.ActiveCfg = Debug|Any CPU
		{50088201-EDF8-4B69-90C8-B49C512357B4}.Debug|Any CPU.Build.0 = Debug|Any CPU
		{50088201-EDF8-4B69-90C8-B49C512357B4}.Release|Any CPU.ActiveCfg = Release|Any CPU
		{50088201-EDF8-4B69-90C8-B49C512357B4}.Release|Any CPU.Build.0 = Release|Any CPU
		{E64AC058-28CC-4DB5-BC17-50E850BD06D9}.Debug|Any CPU.ActiveCfg = Debug|Any CPU
		{E64AC058-28CC-4DB5-BC17-50E850BD06D9}.Debug|Any CPU.Build.0 = Debug|Any CPU
		{E64AC058-28CC-4DB5-BC17-50E850BD06D9}.Release|Any CPU.ActiveCfg = Release|Any CPU
		{E64AC058-28CC-4DB5-BC17-50E850BD06D9}.Release|Any CPU.Build.0 = Release|Any CPU
		{D59084C2-F146-44AB-8547-82C61E267E7D}.Debug|Any CPU.ActiveCfg = Debug|Any CPU
		{D59084C2-F146-44AB-8547-82C61E267E7D}.Debug|Any CPU.Build.0 = Debug|Any CPU
		{D59084C2-F146-44AB-8547-82C61E267E7D}.Release|Any CPU.ActiveCfg = Release|Any CPU
		{D59084C2-F146-44AB-8547-82C61E267E7D}.Release|Any CPU.Build.0 = Release|Any CPU
		{810D5839-F7FB-477E-8C7E-32E80335C4F7}.Debug|Any CPU.ActiveCfg = Debug|Any CPU
		{810D5839-F7FB-477E-8C7E-32E80335C4F7}.Debug|Any CPU.Build.0 = Debug|Any CPU
		{810D5839-F7FB-477E-8C7E-32E80335C4F7}.Release|Any CPU.ActiveCfg = Release|Any CPU
		{810D5839-F7FB-477E-8C7E-32E80335C4F7}.Release|Any CPU.Build.0 = Release|Any CPU
		{80A2D173-A236-44B6-A3BE-C05A2EF25A46}.Debug|Any CPU.ActiveCfg = Debug|Any CPU
		{80A2D173-A236-44B6-A3BE-C05A2EF25A46}.Debug|Any CPU.Build.0 = Debug|Any CPU
		{80A2D173-A236-44B6-A3BE-C05A2EF25A46}.Release|Any CPU.ActiveCfg = Release|Any CPU
		{80A2D173-A236-44B6-A3BE-C05A2EF25A46}.Release|Any CPU.Build.0 = Release|Any CPU
		{E2A3C1AE-8190-4824-8CE8-729CC8A9FD38}.Debug|Any CPU.ActiveCfg = Debug|Any CPU
		{E2A3C1AE-8190-4824-8CE8-729CC8A9FD38}.Debug|Any CPU.Build.0 = Debug|Any CPU
		{E2A3C1AE-8190-4824-8CE8-729CC8A9FD38}.Release|Any CPU.ActiveCfg = Release|Any CPU
		{E2A3C1AE-8190-4824-8CE8-729CC8A9FD38}.Release|Any CPU.Build.0 = Release|Any CPU
		{2D314D55-5CCC-4991-AB3A-5DCF578198F0}.Debug|Any CPU.ActiveCfg = Debug|Any CPU
		{2D314D55-5CCC-4991-AB3A-5DCF578198F0}.Debug|Any CPU.Build.0 = Debug|Any CPU
		{2D314D55-5CCC-4991-AB3A-5DCF578198F0}.Release|Any CPU.ActiveCfg = Release|Any CPU
		{2D314D55-5CCC-4991-AB3A-5DCF578198F0}.Release|Any CPU.Build.0 = Release|Any CPU
		{97FB4A90-C8A9-430E-8403-77D4C30DC581}.Debug|Any CPU.ActiveCfg = Debug|Any CPU
		{97FB4A90-C8A9-430E-8403-77D4C30DC581}.Debug|Any CPU.Build.0 = Debug|Any CPU
		{97FB4A90-C8A9-430E-8403-77D4C30DC581}.Release|Any CPU.ActiveCfg = Release|Any CPU
		{97FB4A90-C8A9-430E-8403-77D4C30DC581}.Release|Any CPU.Build.0 = Release|Any CPU
		{B6D14AED-D37A-47A1-B0C1-2BB4F67FA443}.Debug|Any CPU.ActiveCfg = Debug|Any CPU
		{B6D14AED-D37A-47A1-B0C1-2BB4F67FA443}.Debug|Any CPU.Build.0 = Debug|Any CPU
		{B6D14AED-D37A-47A1-B0C1-2BB4F67FA443}.Release|Any CPU.ActiveCfg = Release|Any CPU
		{B6D14AED-D37A-47A1-B0C1-2BB4F67FA443}.Release|Any CPU.Build.0 = Release|Any CPU
		{33058AC2-0A1E-4BF3-BBE1-F0D14917AF0F}.Debug|Any CPU.ActiveCfg = Debug|Any CPU
		{33058AC2-0A1E-4BF3-BBE1-F0D14917AF0F}.Debug|Any CPU.Build.0 = Debug|Any CPU
		{33058AC2-0A1E-4BF3-BBE1-F0D14917AF0F}.Release|Any CPU.ActiveCfg = Release|Any CPU
		{33058AC2-0A1E-4BF3-BBE1-F0D14917AF0F}.Release|Any CPU.Build.0 = Release|Any CPU
	EndGlobalSection
	GlobalSection(SolutionProperties) = preSolution
		HideSolutionNode = FALSE
	EndGlobalSection
	GlobalSection(NestedProjects) = preSolution
		{ABF59646-74BD-4D34-AD12-6F79831D3F1C} = {CC0F7BF4-928C-4453-9074-2D9CEB814B88}
		{110A14E0-AB0A-4581-82E2-82358B750BE0} = {CC0F7BF4-928C-4453-9074-2D9CEB814B88}
		{AB1EDC43-344A-422C-8364-EE31088B0B55} = {CC0F7BF4-928C-4453-9074-2D9CEB814B88}
		{B4E40C06-2FBD-4DF1-A187-2BF885032BDC} = {CC0F7BF4-928C-4453-9074-2D9CEB814B88}
		{8C678FAC-6AA9-415A-8EF5-380FB68C5365} = {CC0F7BF4-928C-4453-9074-2D9CEB814B88}
		{059F359D-FE8E-448F-80BB-8B7DED04B7FD} = {CC0F7BF4-928C-4453-9074-2D9CEB814B88}
		{70089419-1855-4F0B-88F2-E155B9327E6A} = {CC0F7BF4-928C-4453-9074-2D9CEB814B88}
		{6B637DB0-477E-4357-8217-409F46629520} = {CC0F7BF4-928C-4453-9074-2D9CEB814B88}
		{185D3D7A-DE31-47B9-9000-CAF3BE894824} = {CC0F7BF4-928C-4453-9074-2D9CEB814B88}
		{F8D59E25-9647-4777-855B-0A3B5220F9DC} = {CC0F7BF4-928C-4453-9074-2D9CEB814B88}
		{CC0F7BF4-928C-4453-9074-2D9CEB814B88} = {02EA681E-C7D8-13C7-8484-4AC65E1B71E8}
		{4721B3BE-1BF1-4A05-B171-F32A8BC09834} = {02EA681E-C7D8-13C7-8484-4AC65E1B71E8}
		{BB4B314A-D17A-48AA-9B92-FAE497EB794E} = {4721B3BE-1BF1-4A05-B171-F32A8BC09834}
		{5C90BB40-27B8-44E3-83B3-96A131AA2D39} = {4721B3BE-1BF1-4A05-B171-F32A8BC09834}
		{E7E29965-CFDB-4882-A98B-654B942A57BE} = {4721B3BE-1BF1-4A05-B171-F32A8BC09834}
		{17329B49-C9CB-4E0B-AE53-A2F8DF5F3953} = {4721B3BE-1BF1-4A05-B171-F32A8BC09834}
		{DC29DBF6-A61B-4085-B276-5814313F659D} = {4721B3BE-1BF1-4A05-B171-F32A8BC09834}
		{A09569F2-7A15-4DA5-848F-B64CC67F4F5C} = {4721B3BE-1BF1-4A05-B171-F32A8BC09834}
		{739F2393-897D-4E20-B3E1-15FD7A7074D2} = {4721B3BE-1BF1-4A05-B171-F32A8BC09834}
		{CF9A3AAE-A0A5-42BF-8A30-8BB23D9992D7} = {4721B3BE-1BF1-4A05-B171-F32A8BC09834}
		{84351895-8455-4935-B61B-5865892A2A6F} = {4721B3BE-1BF1-4A05-B171-F32A8BC09834}
		{00F7FFEE-D0DB-4E4E-89B0-B34DD878B7A3} = {4721B3BE-1BF1-4A05-B171-F32A8BC09834}
		{526555E8-04BB-4582-97DA-A425E686B4B3} = {02EA681E-C7D8-13C7-8484-4AC65E1B71E8}
		{D009B4D4-3A23-4C04-808F-1167746CB2B9} = {4721B3BE-1BF1-4A05-B171-F32A8BC09834}
		{6CB9DA30-449C-4230-930E-84C9707A70D7} = {526555E8-04BB-4582-97DA-A425E686B4B3}
		{E3192B7C-A1DE-4CB4-9531-2E8B2D9D3989} = {526555E8-04BB-4582-97DA-A425E686B4B3}
		{3DD49280-B683-4457-8A47-F283804687DF} = {526555E8-04BB-4582-97DA-A425E686B4B3}
		{04396A98-E7B0-4449-9DA2-D3B932F3C556} = {526555E8-04BB-4582-97DA-A425E686B4B3}
		{96055A97-68F4-4444-B206-6A0C830DF93B} = {526555E8-04BB-4582-97DA-A425E686B4B3}
		{E9DB2CE7-0455-40E1-BAAC-CA6E5F5670E0} = {526555E8-04BB-4582-97DA-A425E686B4B3}
		{9E1E8AE9-DF8D-4B3B-84F6-20A87D426994} = {AD40BD3D-6ED5-431A-AF6A-6CAC4C0719CB}
		{759EC64D-C1FA-4627-909E-0BFA57861088} = {9E1E8AE9-DF8D-4B3B-84F6-20A87D426994}
		{1504A190-4339-4F66-A37E-725E55873AF4} = {9E1E8AE9-DF8D-4B3B-84F6-20A87D426994}
		{192872CA-4928-492D-9E4D-3644CE5AC211} = {9E1E8AE9-DF8D-4B3B-84F6-20A87D426994}
		{89262BA3-BA22-4731-804B-BB45D73AB24D} = {9E1E8AE9-DF8D-4B3B-84F6-20A87D426994}
		{9982AB94-B9A0-4877-91D4-61AF0CCD868B} = {9E1E8AE9-DF8D-4B3B-84F6-20A87D426994}
		{4DCE4CBF-1F3D-4F23-8458-ED56EB4B162D} = {9E1E8AE9-DF8D-4B3B-84F6-20A87D426994}
		{50088201-EDF8-4B69-90C8-B49C512357B4} = {9E1E8AE9-DF8D-4B3B-84F6-20A87D426994}
		{E64AC058-28CC-4DB5-BC17-50E850BD06D9} = {9E1E8AE9-DF8D-4B3B-84F6-20A87D426994}
		{C25BFB32-F56D-4276-A401-8F12A0557886} = {AD40BD3D-6ED5-431A-AF6A-6CAC4C0719CB}
		{D59084C2-F146-44AB-8547-82C61E267E7D} = {C25BFB32-F56D-4276-A401-8F12A0557886}
		{810D5839-F7FB-477E-8C7E-32E80335C4F7} = {C25BFB32-F56D-4276-A401-8F12A0557886}
		{80A2D173-A236-44B6-A3BE-C05A2EF25A46} = {C25BFB32-F56D-4276-A401-8F12A0557886}
		{E2A3C1AE-8190-4824-8CE8-729CC8A9FD38} = {C25BFB32-F56D-4276-A401-8F12A0557886}
		{2D314D55-5CCC-4991-AB3A-5DCF578198F0} = {C25BFB32-F56D-4276-A401-8F12A0557886}
		{97FB4A90-C8A9-430E-8403-77D4C30DC581} = {C25BFB32-F56D-4276-A401-8F12A0557886}
		{B6D14AED-D37A-47A1-B0C1-2BB4F67FA443} = {C25BFB32-F56D-4276-A401-8F12A0557886}
		{33058AC2-0A1E-4BF3-BBE1-F0D14917AF0F} = {C25BFB32-F56D-4276-A401-8F12A0557886}
	EndGlobalSection
	GlobalSection(ExtensibilityGlobals) = postSolution
		SolutionGuid = {187CDD1B-D275-4554-86EE-8BD1115BFF8E}
	EndGlobalSection
EndGlobal
