
Microsoft Visual Studio Solution File, Format Version 12.00
# Visual Studio Version 17
VisualStudioVersion = 17.14.36414.22
MinimumVisualStudioVersion = 10.0.40219.1
Project("{2150E333-8FDC-42A3-9474-1A3956D46DE8}") = "data_types", "data_types", "{02EA681E-C7D8-13C7-8484-4AC65E1B71E8}"
	ProjectSection(SolutionItems) = preProject
		AdditionnLearning.txt = AdditionnLearning.txt
	EndProjectSection
EndProject
Project("{FAE04EC0-301F-11D3-BF4B-00C04F79EFBC}") = "ConvertMetersToKilometers", "ConvertMetersToKilometers\ConvertMetersToKilometers.csproj", "{ABF59646-74BD-4D34-AD12-6F79831D3F1C}"
EndProject
Project("{FAE04EC0-301F-11D3-BF4B-00C04F79EFBC}") = "PoundsToDollars", "PoundsToDollars\PoundsToDollars.csproj", "{110A14E0-AB0A-4581-82E2-82358B750BE0}"
EndProject
Project("{FAE04EC0-301F-11D3-BF4B-00C04F79EFBC}") = "ExactSumOfRealNumbers", "ExactSumOfRealNumbers\ExactSumOfRealNumbers.csproj", "{AB1EDC43-344A-422C-8364-EE31088B0B55}"
EndProject
Project("{FAE04EC0-301F-11D3-BF4B-00C04F79EFBC}") = "CenturiesToMinutes", "CenturiesToMinutes\CenturiesToMinutes.csproj", "{B4E40C06-2FBD-4DF1-A187-2BF885032BDC}"
EndProject
Project("{FAE04EC0-301F-11D3-BF4B-00C04F79EFBC}") = "SpecialNumbers", "SpecialNumbers\SpecialNumbers.csproj", "{8C678FAC-6AA9-415A-8EF5-380FB68C5365}"
EndProject
Project("{FAE04EC0-301F-11D3-BF4B-00C04F79EFBC}") = "ReversedChars", "ReversedChars\ReversedChars.csproj", "{059F359D-FE8E-448F-80BB-8B7DED04B7FD}"
EndProject
Project("{FAE04EC0-301F-11D3-BF4B-00C04F79EFBC}") = "ConcatNames", "ConcatNames\ConcatNames.csproj", "{70089419-1855-4F0B-88F2-E155B9327E6A}"
EndProject
Project("{FAE04EC0-301F-11D3-BF4B-00C04F79EFBC}") = "TownInfo", "TownInfo\TownInfo.csproj", "{6B637DB0-477E-4357-8217-409F46629520}"
EndProject
Project("{FAE04EC0-301F-11D3-BF4B-00C04F79EFBC}") = "CharsToString", "CharsToString\CharsToString.csproj", "{185D3D7A-DE31-47B9-9000-CAF3BE894824}"
EndProject
Project("{FAE04EC0-301F-11D3-BF4B-00C04F79EFBC}") = "LowerToUpper", "LowerToUpper\LowerToUpper.csproj", "{F8D59E25-9647-4777-855B-0A3B5220F9DC}"
EndProject
Project("{2150E333-8FDC-42A3-9474-1A3956D46DE8}") = "Lab", "Lab", "{CC0F7BF4-928C-4453-9074-2D9CEB814B88}"
EndProject
Project("{2150E333-8FDC-42A3-9474-1A3956D46DE8}") = "Exercise", "Exercise", "{4721B3BE-1BF1-4A05-B171-F32A8BC09834}"
EndProject
Project("{FAE04EC0-301F-11D3-BF4B-00C04F79EFBC}") = "IntegerOperations", "IntegerOperations\IntegerOperations.csproj", "{BB4B314A-D17A-48AA-9B92-FAE497EB794E}"
EndProject
Project("{FAE04EC0-301F-11D3-BF4B-00C04F79EFBC}") = "SumDigits", "SumDigits\SumDigits.csproj", "{5C90BB40-27B8-44E3-83B3-96A131AA2D39}"
EndProject
Project("{FAE04EC0-301F-11D3-BF4B-00C04F79EFBC}") = "Elevator", "Elevator\Elevator.csproj", "{E7E29965-CFDB-4882-A98B-654B942A57BE}"
EndProject
Project("{FAE04EC0-301F-11D3-BF4B-00C04F79EFBC}") = "SumOfChars", "SumOfChars\SumOfChars.csproj", "{17329B49-C9CB-4E0B-AE53-A2F8DF5F3953}"
EndProject
Project("{FAE04EC0-301F-11D3-BF4B-00C04F79EFBC}") = "PrintPartOfTheAsciiTable", "PrintPartOfTheAsciiTable\PrintPartOfTheAsciiTable.csproj", "{DC29DBF6-A61B-4085-B276-5814313F659D}"
EndProject
Project("{FAE04EC0-301F-11D3-BF4B-00C04F79EFBC}") = "TriplesOfLatinLetters", "TriplesOfLatinLetters\TriplesOfLatinLetters.csproj", "{A09569F2-7A15-4DA5-848F-B64CC67F4F5C}"
EndProject
Project("{FAE04EC0-301F-11D3-BF4B-00C04F79EFBC}") = "WaterOverflow", "WaterOverflow\WaterOverflow.csproj", "{739F2393-897D-4E20-B3E1-15FD7A7074D2}"
EndProject
Project("{FAE04EC0-301F-11D3-BF4B-00C04F79EFBC}") = "BeerKegs", "BeerKegs\BeerKegs.csproj", "{CF9A3AAE-A0A5-42BF-8A30-8BB23D9992D7}"
EndProject
Project("{FAE04EC0-301F-11D3-BF4B-00C04F79EFBC}") = "SpiceMustFlow", "SpiceMustFlow\SpiceMustFlow.csproj", "{84351895-8455-4935-B61B-5865892A2A6F}"
EndProject
Project("{FAE04EC0-301F-11D3-BF4B-00C04F79EFBC}") = "Pokemon", "Pokemon\Pokemon.csproj", "{00F7FFEE-D0DB-4E4E-89B0-B34DD878B7A3}"
EndProject
Project("{2150E333-8FDC-42A3-9474-1A3956D46DE8}") = "More Exercise", "More Exercise", "{526555E8-04BB-4582-97DA-A425E686B4B3}"
EndProject
Project("{FAE04EC0-301F-11D3-BF4B-00C04F79EFBC}") = "Snowballs", "Snowballs\Snowballs.csproj", "{D009B4D4-3A23-4C04-808F-1167746CB2B9}"
EndProject
Project("{FAE04EC0-301F-11D3-BF4B-00C04F79EFBC}") = "DataTypeFinder", "DatyTypeFinder\DataTypeFinder.csproj", "{6CB9DA30-449C-4230-930E-84C9707A70D7}"
EndProject
Project("{FAE04EC0-301F-11D3-BF4B-00C04F79EFBC}") = "FromLeftToRight", "FromLeftToRight\FromLeftToRight.csproj", "{E3192B7C-A1DE-4CB4-9531-2E8B2D9D3989}"
EndProject
Global
	GlobalSection(SolutionConfigurationPlatforms) = preSolution
		Debug|Any CPU = Debug|Any CPU
		Release|Any CPU = Release|Any CPU
	EndGlobalSection
	GlobalSection(ProjectConfigurationPlatforms) = postSolution
		{ABF59646-74BD-4D34-AD12-6F79831D3F1C}.Debug|Any CPU.ActiveCfg = Debug|Any CPU
		{ABF59646-74BD-4D34-AD12-6F79831D3F1C}.Debug|Any CPU.Build.0 = Debug|Any CPU
		{ABF59646-74BD-4D34-AD12-6F79831D3F1C}.Release|Any CPU.ActiveCfg = Release|Any CPU
		{ABF59646-74BD-4D34-AD12-6F79831D3F1C}.Release|Any CPU.Build.0 = Release|Any CPU
		{110A14E0-AB0A-4581-82E2-82358B750BE0}.Debug|Any CPU.ActiveCfg = Debug|Any CPU
		{110A14E0-AB0A-4581-82E2-82358B750BE0}.Debug|Any CPU.Build.0 = Debug|Any CPU
		{110A14E0-AB0A-4581-82E2-82358B750BE0}.Release|Any CPU.ActiveCfg = Release|Any CPU
		{110A14E0-AB0A-4581-82E2-82358B750BE0}.Release|Any CPU.Build.0 = Release|Any CPU
		{AB1EDC43-344A-422C-8364-EE31088B0B55}.Debug|Any CPU.ActiveCfg = Debug|Any CPU
		{AB1EDC43-344A-422C-8364-EE31088B0B55}.Debug|Any CPU.Build.0 = Debug|Any CPU
		{AB1EDC43-344A-422C-8364-EE31088B0B55}.Release|Any CPU.ActiveCfg = Release|Any CPU
		{AB1EDC43-344A-422C-8364-EE31088B0B55}.Release|Any CPU.Build.0 = Release|Any CPU
		{B4E40C06-2FBD-4DF1-A187-2BF885032BDC}.Debug|Any CPU.ActiveCfg = Debug|Any CPU
		{B4E40C06-2FBD-4DF1-A187-2BF885032BDC}.Debug|Any CPU.Build.0 = Debug|Any CPU
		{B4E40C06-2FBD-4DF1-A187-2BF885032BDC}.Release|Any CPU.ActiveCfg = Release|Any CPU
		{B4E40C06-2FBD-4DF1-A187-2BF885032BDC}.Release|Any CPU.Build.0 = Release|Any CPU
		{8C678FAC-6AA9-415A-8EF5-380FB68C5365}.Debug|Any CPU.ActiveCfg = Debug|Any CPU
		{8C678FAC-6AA9-415A-8EF5-380FB68C5365}.Debug|Any CPU.Build.0 = Debug|Any CPU
		{8C678FAC-6AA9-415A-8EF5-380FB68C5365}.Release|Any CPU.ActiveCfg = Release|Any CPU
		{8C678FAC-6AA9-415A-8EF5-380FB68C5365}.Release|Any CPU.Build.0 = Release|Any CPU
		{059F359D-FE8E-448F-80BB-8B7DED04B7FD}.Debug|Any CPU.ActiveCfg = Debug|Any CPU
		{059F359D-FE8E-448F-80BB-8B7DED04B7FD}.Debug|Any CPU.Build.0 = Debug|Any CPU
		{059F359D-FE8E-448F-80BB-8B7DED04B7FD}.Release|Any CPU.ActiveCfg = Release|Any CPU
		{059F359D-FE8E-448F-80BB-8B7DED04B7FD}.Release|Any CPU.Build.0 = Release|Any CPU
		{70089419-1855-4F0B-88F2-E155B9327E6A}.Debug|Any CPU.ActiveCfg = Debug|Any CPU
		{70089419-1855-4F0B-88F2-E155B9327E6A}.Debug|Any CPU.Build.0 = Debug|Any CPU
		{70089419-1855-4F0B-88F2-E155B9327E6A}.Release|Any CPU.ActiveCfg = Release|Any CPU
		{70089419-1855-4F0B-88F2-E155B9327E6A}.Release|Any CPU.Build.0 = Release|Any CPU
		{6B637DB0-477E-4357-8217-409F46629520}.Debug|Any CPU.ActiveCfg = Debug|Any CPU
		{6B637DB0-477E-4357-8217-409F46629520}.Debug|Any CPU.Build.0 = Debug|Any CPU
		{6B637DB0-477E-4357-8217-409F46629520}.Release|Any CPU.ActiveCfg = Release|Any CPU
		{6B637DB0-477E-4357-8217-409F46629520}.Release|Any CPU.Build.0 = Release|Any CPU
		{185D3D7A-DE31-47B9-9000-CAF3BE894824}.Debug|Any CPU.ActiveCfg = Debug|Any CPU
		{185D3D7A-DE31-47B9-9000-CAF3BE894824}.Debug|Any CPU.Build.0 = Debug|Any CPU
		{185D3D7A-DE31-47B9-9000-CAF3BE894824}.Release|Any CPU.ActiveCfg = Release|Any CPU
		{185D3D7A-DE31-47B9-9000-CAF3BE894824}.Release|Any CPU.Build.0 = Release|Any CPU
		{F8D59E25-9647-4777-855B-0A3B5220F9DC}.Debug|Any CPU.ActiveCfg = Debug|Any CPU
		{F8D59E25-9647-4777-855B-0A3B5220F9DC}.Debug|Any CPU.Build.0 = Debug|Any CPU
		{F8D59E25-9647-4777-855B-0A3B5220F9DC}.Release|Any CPU.ActiveCfg = Release|Any CPU
		{F8D59E25-9647-4777-855B-0A3B5220F9DC}.Release|Any CPU.Build.0 = Release|Any CPU
		{BB4B314A-D17A-48AA-9B92-FAE497EB794E}.Debug|Any CPU.ActiveCfg = Debug|Any CPU
		{BB4B314A-D17A-48AA-9B92-FAE497EB794E}.Debug|Any CPU.Build.0 = Debug|Any CPU
		{BB4B314A-D17A-48AA-9B92-FAE497EB794E}.Release|Any CPU.ActiveCfg = Release|Any CPU
		{BB4B314A-D17A-48AA-9B92-FAE497EB794E}.Release|Any CPU.Build.0 = Release|Any CPU
		{5C90BB40-27B8-44E3-83B3-96A131AA2D39}.Debug|Any CPU.ActiveCfg = Debug|Any CPU
		{5C90BB40-27B8-44E3-83B3-96A131AA2D39}.Debug|Any CPU.Build.0 = Debug|Any CPU
		{5C90BB40-27B8-44E3-83B3-96A131AA2D39}.Release|Any CPU.ActiveCfg = Release|Any CPU
		{5C90BB40-27B8-44E3-83B3-96A131AA2D39}.Release|Any CPU.Build.0 = Release|Any CPU
		{E7E29965-CFDB-4882-A98B-654B942A57BE}.Debug|Any CPU.ActiveCfg = Debug|Any CPU
		{E7E29965-CFDB-4882-A98B-654B942A57BE}.Debug|Any CPU.Build.0 = Debug|Any CPU
		{E7E29965-CFDB-4882-A98B-654B942A57BE}.Release|Any CPU.ActiveCfg = Release|Any CPU
		{E7E29965-CFDB-4882-A98B-654B942A57BE}.Release|Any CPU.Build.0 = Release|Any CPU
		{17329B49-C9CB-4E0B-AE53-A2F8DF5F3953}.Debug|Any CPU.ActiveCfg = Debug|Any CPU
		{17329B49-C9CB-4E0B-AE53-A2F8DF5F3953}.Debug|Any CPU.Build.0 = Debug|Any CPU
		{17329B49-C9CB-4E0B-AE53-A2F8DF5F3953}.Release|Any CPU.ActiveCfg = Release|Any CPU
		{17329B49-C9CB-4E0B-AE53-A2F8DF5F3953}.Release|Any CPU.Build.0 = Release|Any CPU
		{DC29DBF6-A61B-4085-B276-5814313F659D}.Debug|Any CPU.ActiveCfg = Debug|Any CPU
		{DC29DBF6-A61B-4085-B276-5814313F659D}.Debug|Any CPU.Build.0 = Debug|Any CPU
		{DC29DBF6-A61B-4085-B276-5814313F659D}.Release|Any CPU.ActiveCfg = Release|Any CPU
		{DC29DBF6-A61B-4085-B276-5814313F659D}.Release|Any CPU.Build.0 = Release|Any CPU
		{A09569F2-7A15-4DA5-848F-B64CC67F4F5C}.Debug|Any CPU.ActiveCfg = Debug|Any CPU
		{A09569F2-7A15-4DA5-848F-B64CC67F4F5C}.Debug|Any CPU.Build.0 = Debug|Any CPU
		{A09569F2-7A15-4DA5-848F-B64CC67F4F5C}.Release|Any CPU.ActiveCfg = Release|Any CPU
		{A09569F2-7A15-4DA5-848F-B64CC67F4F5C}.Release|Any CPU.Build.0 = Release|Any CPU
		{739F2393-897D-4E20-B3E1-15FD7A7074D2}.Debug|Any CPU.ActiveCfg = Debug|Any CPU
		{739F2393-897D-4E20-B3E1-15FD7A7074D2}.Debug|Any CPU.Build.0 = Debug|Any CPU
		{739F2393-897D-4E20-B3E1-15FD7A7074D2}.Release|Any CPU.ActiveCfg = Release|Any CPU
		{739F2393-897D-4E20-B3E1-15FD7A7074D2}.Release|Any CPU.Build.0 = Release|Any CPU
		{CF9A3AAE-A0A5-42BF-8A30-8BB23D9992D7}.Debug|Any CPU.ActiveCfg = Debug|Any CPU
		{CF9A3AAE-A0A5-42BF-8A30-8BB23D9992D7}.Debug|Any CPU.Build.0 = Debug|Any CPU
		{CF9A3AAE-A0A5-42BF-8A30-8BB23D9992D7}.Release|Any CPU.ActiveCfg = Release|Any CPU
		{CF9A3AAE-A0A5-42BF-8A30-8BB23D9992D7}.Release|Any CPU.Build.0 = Release|Any CPU
		{84351895-8455-4935-B61B-5865892A2A6F}.Debug|Any CPU.ActiveCfg = Debug|Any CPU
		{84351895-8455-4935-B61B-5865892A2A6F}.Debug|Any CPU.Build.0 = Debug|Any CPU
		{84351895-8455-4935-B61B-5865892A2A6F}.Release|Any CPU.ActiveCfg = Release|Any CPU
		{84351895-8455-4935-B61B-5865892A2A6F}.Release|Any CPU.Build.0 = Release|Any CPU
		{00F7FFEE-D0DB-4E4E-89B0-B34DD878B7A3}.Debug|Any CPU.ActiveCfg = Debug|Any CPU
		{00F7FFEE-D0DB-4E4E-89B0-B34DD878B7A3}.Debug|Any CPU.Build.0 = Debug|Any CPU
		{00F7FFEE-D0DB-4E4E-89B0-B34DD878B7A3}.Release|Any CPU.ActiveCfg = Release|Any CPU
		{00F7FFEE-D0DB-4E4E-89B0-B34DD878B7A3}.Release|Any CPU.Build.0 = Release|Any CPU
		{D009B4D4-3A23-4C04-808F-1167746CB2B9}.Debug|Any CPU.ActiveCfg = Debug|Any CPU
		{D009B4D4-3A23-4C04-808F-1167746CB2B9}.Debug|Any CPU.Build.0 = Debug|Any CPU
		{D009B4D4-3A23-4C04-808F-1167746CB2B9}.Release|Any CPU.ActiveCfg = Release|Any CPU
		{D009B4D4-3A23-4C04-808F-1167746CB2B9}.Release|Any CPU.Build.0 = Release|Any CPU
		{6CB9DA30-449C-4230-930E-84C9707A70D7}.Debug|Any CPU.ActiveCfg = Debug|Any CPU
		{6CB9DA30-449C-4230-930E-84C9707A70D7}.Debug|Any CPU.Build.0 = Debug|Any CPU
		{6CB9DA30-449C-4230-930E-84C9707A70D7}.Release|Any CPU.ActiveCfg = Release|Any CPU
		{6CB9DA30-449C-4230-930E-84C9707A70D7}.Release|Any CPU.Build.0 = Release|Any CPU
		{E3192B7C-A1DE-4CB4-9531-2E8B2D9D3989}.Debug|Any CPU.ActiveCfg = Debug|Any CPU
		{E3192B7C-A1DE-4CB4-9531-2E8B2D9D3989}.Debug|Any CPU.Build.0 = Debug|Any CPU
		{E3192B7C-A1DE-4CB4-9531-2E8B2D9D3989}.Release|Any CPU.ActiveCfg = Release|Any CPU
		{E3192B7C-A1DE-4CB4-9531-2E8B2D9D3989}.Release|Any CPU.Build.0 = Release|Any CPU
	EndGlobalSection
	GlobalSection(SolutionProperties) = preSolution
		HideSolutionNode = FALSE
	EndGlobalSection
	GlobalSection(NestedProjects) = preSolution
		{ABF59646-74BD-4D34-AD12-6F79831D3F1C} = {CC0F7BF4-928C-4453-9074-2D9CEB814B88}
		{110A14E0-AB0A-4581-82E2-82358B750BE0} = {CC0F7BF4-928C-4453-9074-2D9CEB814B88}
		{AB1EDC43-344A-422C-8364-EE31088B0B55} = {CC0F7BF4-928C-4453-9074-2D9CEB814B88}
		{B4E40C06-2FBD-4DF1-A187-2BF885032BDC} = {CC0F7BF4-928C-4453-9074-2D9CEB814B88}
		{8C678FAC-6AA9-415A-8EF5-380FB68C5365} = {CC0F7BF4-928C-4453-9074-2D9CEB814B88}
		{059F359D-FE8E-448F-80BB-8B7DED04B7FD} = {CC0F7BF4-928C-4453-9074-2D9CEB814B88}
		{70089419-1855-4F0B-88F2-E155B9327E6A} = {CC0F7BF4-928C-4453-9074-2D9CEB814B88}
		{6B637DB0-477E-4357-8217-409F46629520} = {CC0F7BF4-928C-4453-9074-2D9CEB814B88}
		{185D3D7A-DE31-47B9-9000-CAF3BE894824} = {CC0F7BF4-928C-4453-9074-2D9CEB814B88}
		{F8D59E25-9647-4777-855B-0A3B5220F9DC} = {CC0F7BF4-928C-4453-9074-2D9CEB814B88}
		{CC0F7BF4-928C-4453-9074-2D9CEB814B88} = {02EA681E-C7D8-13C7-8484-4AC65E1B71E8}
		{4721B3BE-1BF1-4A05-B171-F32A8BC09834} = {02EA681E-C7D8-13C7-8484-4AC65E1B71E8}
		{BB4B314A-D17A-48AA-9B92-FAE497EB794E} = {4721B3BE-1BF1-4A05-B171-F32A8BC09834}
		{5C90BB40-27B8-44E3-83B3-96A131AA2D39} = {4721B3BE-1BF1-4A05-B171-F32A8BC09834}
		{E7E29965-CFDB-4882-A98B-654B942A57BE} = {4721B3BE-1BF1-4A05-B171-F32A8BC09834}
		{17329B49-C9CB-4E0B-AE53-A2F8DF5F3953} = {4721B3BE-1BF1-4A05-B171-F32A8BC09834}
		{DC29DBF6-A61B-4085-B276-5814313F659D} = {4721B3BE-1BF1-4A05-B171-F32A8BC09834}
		{A09569F2-7A15-4DA5-848F-B64CC67F4F5C} = {4721B3BE-1BF1-4A05-B171-F32A8BC09834}
		{739F2393-897D-4E20-B3E1-15FD7A7074D2} = {4721B3BE-1BF1-4A05-B171-F32A8BC09834}
		{CF9A3AAE-A0A5-42BF-8A30-8BB23D9992D7} = {4721B3BE-1BF1-4A05-B171-F32A8BC09834}
		{84351895-8455-4935-B61B-5865892A2A6F} = {4721B3BE-1BF1-4A05-B171-F32A8BC09834}
		{00F7FFEE-D0DB-4E4E-89B0-B34DD878B7A3} = {4721B3BE-1BF1-4A05-B171-F32A8BC09834}
		{526555E8-04BB-4582-97DA-A425E686B4B3} = {02EA681E-C7D8-13C7-8484-4AC65E1B71E8}
		{D009B4D4-3A23-4C04-808F-1167746CB2B9} = {4721B3BE-1BF1-4A05-B171-F32A8BC09834}
		{6CB9DA30-449C-4230-930E-84C9707A70D7} = {526555E8-04BB-4582-97DA-A425E686B4B3}
		{E3192B7C-A1DE-4CB4-9531-2E8B2D9D3989} = {526555E8-04BB-4582-97DA-A425E686B4B3}
	EndGlobalSection
	GlobalSection(ExtensibilityGlobals) = postSolution
		SolutionGuid = {187CDD1B-D275-4554-86EE-8BD1115BFF8E}
	EndGlobalSection
EndGlobal
